// !$*UTF8*$!
{
	archiveVersion = 1;
	classes = {
	};
	objectVersion = 51;
	objects = {

/* Begin PBXBuildFile section */
		04BAEC407D893A6CE7AD88BA270C5120 /* BarcodeEasyScan-dummy.m in Sources */ = {isa = PBXBuildFile; fileRef = CA9544594F833FFFC6CE0449F42140D7 /* BarcodeEasyScan-dummy.m */; };
		0C5E11DE24DAA737704B355F5F2F3426 /* ParameterEncoding.swift in Sources */ = {isa = PBXBuildFile; fileRef = 4266D14F09958DEE5EB366A5E5562BA9 /* ParameterEncoding.swift */; };
		132E0F619E4338E5D1B27E4C72076B3F /* Notifications.swift in Sources */ = {isa = PBXBuildFile; fileRef = 344C6D22EBB36F694A70FD2D23C66833 /* Notifications.swift */; };
		1942F7D3B7722A5637C3FC0BE44B1E6C /* SwiftyJSON-umbrella.h in Headers */ = {isa = PBXBuildFile; fileRef = 90A3CD22C43AE5D123DD475C3260F33E /* SwiftyJSON-umbrella.h */; settings = {ATTRIBUTES = (Public, ); }; };
		1945CD5D63A1C164AEAAA9A33E85571E /* Alamofire-dummy.m in Sources */ = {isa = PBXBuildFile; fileRef = 02B65D4F4B4B8A5CE5D97FB16A749F92 /* Alamofire-dummy.m */; };
		1986B50C74F1697EA43F68335C93CEB3 /* MultipartFormData.swift in Sources */ = {isa = PBXBuildFile; fileRef = 9AB425ED13B8AC63ED2B5FC67EA0A46A /* MultipartFormData.swift */; };
		2BF6FBC0A64BF107C5D64C61F1397770 /* SwiftyJSON-dummy.m in Sources */ = {isa = PBXBuildFile; fileRef = 0851A8B73AA51C133D39FD24B4A1A5E0 /* SwiftyJSON-dummy.m */; };
		2C61B040BA6A9A7AE66C4D9BA26D5520 /* SessionDelegate.swift in Sources */ = {isa = PBXBuildFile; fileRef = 4B5F2F61783A55453F3B6DE63458F2A1 /* SessionDelegate.swift */; };
		3571F958A3907B3A806E62D50C2550D4 /* NetworkReachabilityManager.swift in Sources */ = {isa = PBXBuildFile; fileRef = 5BFBC092547C4244D7706A03A154917A /* NetworkReachabilityManager.swift */; };
		3F120C4F54C25778E9C0D3D43F3DEA2D /* Foundation.framework in Frameworks */ = {isa = PBXBuildFile; fileRef = 3212113385A8FBBDB272BD23C409FF61 /* Foundation.framework */; };
		464450D037D17ED5EE2322E180A6A9F5 /* Foundation.framework in Frameworks */ = {isa = PBXBuildFile; fileRef = 3212113385A8FBBDB272BD23C409FF61 /* Foundation.framework */; };
		53791F5E5F07400F92CFDFC89A432305 /* Validation.swift in Sources */ = {isa = PBXBuildFile; fileRef = 514E8DD74E5BEE3545F2C8FA19E485D7 /* Validation.swift */; };
		64744C911253C3E01461FAD7C935C8D7 /* Result.swift in Sources */ = {isa = PBXBuildFile; fileRef = 7CA7602F2FEC0302CBEC43B408B66D4A /* Result.swift */; };
		7080046B49A0772CAB9E790CFB1FE41A /* BarcodeEasyScan-umbrella.h in Headers */ = {isa = PBXBuildFile; fileRef = 2B075A3682290007856A5D9E2BA42C23 /* BarcodeEasyScan-umbrella.h */; settings = {ATTRIBUTES = (Public, ); }; };
		7664FD4F59A0C00866CBAE60B0A3AD64 /* Foundation.framework in Frameworks */ = {isa = PBXBuildFile; fileRef = 3212113385A8FBBDB272BD23C409FF61 /* Foundation.framework */; };
		7B4CE5C84161E2BFE477F42DFD634382 /* SwiftyJSON.swift in Sources */ = {isa = PBXBuildFile; fileRef = 0003814577E4541D947588D966C05035 /* SwiftyJSON.swift */; };
		83956E20859CDBBE7BC38ABADE0170FB /* AFError.swift in Sources */ = {isa = PBXBuildFile; fileRef = AE491F78B6D9DFC7B5C33A85BAC7D38A /* AFError.swift */; };
		931BBB8230A25161D5C37528A8F9FECF /* SessionManager.swift in Sources */ = {isa = PBXBuildFile; fileRef = 59E32123033021DF711380C08477EE6D /* SessionManager.swift */; };
		933FDA5970AA525D6CB92BFEBA2BAB4A /* Timeline.swift in Sources */ = {isa = PBXBuildFile; fileRef = 193CB29141D4260FC76F7137E00CDBCA /* Timeline.swift */; };
		951474460320F4AB32FF3F7EB1B55B91 /* BarcodeScannerViewController.swift in Sources */ = {isa = PBXBuildFile; fileRef = 4CD8FFF8C5F9D1340A9D60AF4CF64A53 /* BarcodeScannerViewController.swift */; };
		98A929C8E9012AB167672714FFD2113C /* Request.swift in Sources */ = {isa = PBXBuildFile; fileRef = 71FAFA153993969CA21CA5D74482CC56 /* Request.swift */; };
		9C731C5DA05491DC1BB69E129ACA2393 /* Foundation.framework in Frameworks */ = {isa = PBXBuildFile; fileRef = 3212113385A8FBBDB272BD23C409FF61 /* Foundation.framework */; };
		A10E910017EBB753B89254D3388D9F1C /* Pods-Scanner-umbrella.h in Headers */ = {isa = PBXBuildFile; fileRef = 782F042B2CEE91B6C5CBC2B77D28954F /* Pods-Scanner-umbrella.h */; settings = {ATTRIBUTES = (Public, ); }; };
		AFC64B1097F7355FF423D6A73E9C7210 /* TaskDelegate.swift in Sources */ = {isa = PBXBuildFile; fileRef = B3B271DB4B0E950610D56383FE4BFAEF /* TaskDelegate.swift */; };
		BEE6B677416CA71C981D1D3F60B18C96 /* Alamofire.swift in Sources */ = {isa = PBXBuildFile; fileRef = 68BCF1C0AFC2502196DFA757F3190CAD /* Alamofire.swift */; };
		D3D8C379C6E4FB487E5ABD6800AD7B7E /* DispatchQueue+Alamofire.swift in Sources */ = {isa = PBXBuildFile; fileRef = C9BEB04864E481159038F05BA73BA93F /* DispatchQueue+Alamofire.swift */; };
		D65C254F5ABF2CB5ECEE50FE8F8E1A80 /* Response.swift in Sources */ = {isa = PBXBuildFile; fileRef = 8C2EA690E9BCE3EC7FFD561DCA2C482B /* Response.swift */; };
		D71618DF088A043B4E9D99B08EEB7A57 /* Pods-Scanner-dummy.m in Sources */ = {isa = PBXBuildFile; fileRef = 7F9D15ED4ADFA5EC3B41F897B481D304 /* Pods-Scanner-dummy.m */; };
		E3747EC31FCCA97D75A81FC700CF7E24 /* ResponseSerialization.swift in Sources */ = {isa = PBXBuildFile; fileRef = 85B3BAE9B54266B00B41939FBF916B69 /* ResponseSerialization.swift */; };
		F13F2AA7F2E6D95A181CAB99B900D531 /* ServerTrustPolicy.swift in Sources */ = {isa = PBXBuildFile; fileRef = 0803861B22F4264E2B7C44F53A33E7FF /* ServerTrustPolicy.swift */; };
		F7B74645E07C39771156A1FA413B98D4 /* Alamofire-umbrella.h in Headers */ = {isa = PBXBuildFile; fileRef = 29ACF536FE87D481FC229CEC603A815C /* Alamofire-umbrella.h */; settings = {ATTRIBUTES = (Public, ); }; };
/* End PBXBuildFile section */

/* Begin PBXContainerItemProxy section */
		D03B5F9BA6B5F92E5DF8B3AD66BAF2D8 /* PBXContainerItemProxy */ = {
			isa = PBXContainerItemProxy;
			containerPortal = BFDFE7DC352907FC980B868725387E98 /* Project object */;
			proxyType = 1;
			remoteGlobalIDString = D118A6A04828FD3CDA8640CD2B6796D2;
			remoteInfo = SwiftyJSON;
		};
		D6E6B903B39599A53FFE8874A9F7C34E /* PBXContainerItemProxy */ = {
			isa = PBXContainerItemProxy;
			containerPortal = BFDFE7DC352907FC980B868725387E98 /* Project object */;
			proxyType = 1;
			remoteGlobalIDString = EAAA1AD3A8A1B59AB91319EE40752C6D;
			remoteInfo = Alamofire;
		};
		EB799E843157651CFDBD165796C02ED3 /* PBXContainerItemProxy */ = {
			isa = PBXContainerItemProxy;
			containerPortal = BFDFE7DC352907FC980B868725387E98 /* Project object */;
			proxyType = 1;
			remoteGlobalIDString = E6A8C50B8CA7327DFD5679548955EBBF;
			remoteInfo = BarcodeEasyScan;
		};
/* End PBXContainerItemProxy section */

/* Begin PBXFileReference section */
		0003814577E4541D947588D966C05035 /* SwiftyJSON.swift */ = {isa = PBXFileReference; includeInIndex = 1; lastKnownFileType = sourcecode.swift; name = SwiftyJSON.swift; path = Source/SwiftyJSON/SwiftyJSON.swift; sourceTree = "<group>"; };
		02B65D4F4B4B8A5CE5D97FB16A749F92 /* Alamofire-dummy.m */ = {isa = PBXFileReference; includeInIndex = 1; lastKnownFileType = sourcecode.c.objc; path = "Alamofire-dummy.m"; sourceTree = "<group>"; };
		06AF95D95EA91DB453DFD7EDA9AE75CA /* Alamofire-Info.plist */ = {isa = PBXFileReference; includeInIndex = 1; lastKnownFileType = text.plist.xml; path = "Alamofire-Info.plist"; sourceTree = "<group>"; };
		0727F22291F1F090396EDFAE81C3FD65 /* SwiftyJSON-Info.plist */ = {isa = PBXFileReference; includeInIndex = 1; lastKnownFileType = text.plist.xml; path = "SwiftyJSON-Info.plist"; sourceTree = "<group>"; };
		0803861B22F4264E2B7C44F53A33E7FF /* ServerTrustPolicy.swift */ = {isa = PBXFileReference; includeInIndex = 1; lastKnownFileType = sourcecode.swift; name = ServerTrustPolicy.swift; path = Source/ServerTrustPolicy.swift; sourceTree = "<group>"; };
		0851A8B73AA51C133D39FD24B4A1A5E0 /* SwiftyJSON-dummy.m */ = {isa = PBXFileReference; includeInIndex = 1; lastKnownFileType = sourcecode.c.objc; path = "SwiftyJSON-dummy.m"; sourceTree = "<group>"; };
		08EB3F24AEC60ECA9A2C118E36856718 /* Alamofire.modulemap */ = {isa = PBXFileReference; includeInIndex = 1; lastKnownFileType = sourcecode.module; path = Alamofire.modulemap; sourceTree = "<group>"; };
		0FFC9A2F159BB5D68F9E91D7EC9C06CC /* Alamofire-prefix.pch */ = {isa = PBXFileReference; includeInIndex = 1; lastKnownFileType = sourcecode.c.h; path = "Alamofire-prefix.pch"; sourceTree = "<group>"; };
		193CB29141D4260FC76F7137E00CDBCA /* Timeline.swift */ = {isa = PBXFileReference; includeInIndex = 1; lastKnownFileType = sourcecode.swift; name = Timeline.swift; path = Source/Timeline.swift; sourceTree = "<group>"; };
		211AF1B5F9D923E8ACE2C45E98CB58EF /* SwiftyJSON-prefix.pch */ = {isa = PBXFileReference; includeInIndex = 1; lastKnownFileType = sourcecode.c.h; path = "SwiftyJSON-prefix.pch"; sourceTree = "<group>"; };
		22A7676F882187127D049C63DFC4D185 /* SwiftyJSON.xcconfig */ = {isa = PBXFileReference; includeInIndex = 1; lastKnownFileType = text.xcconfig; path = SwiftyJSON.xcconfig; sourceTree = "<group>"; };
		2672FA4CBA132C7923482E3A325CA5BC /* BarcodeEasyScan-Info.plist */ = {isa = PBXFileReference; includeInIndex = 1; lastKnownFileType = text.plist.xml; path = "BarcodeEasyScan-Info.plist"; sourceTree = "<group>"; };
		29ACF536FE87D481FC229CEC603A815C /* Alamofire-umbrella.h */ = {isa = PBXFileReference; includeInIndex = 1; lastKnownFileType = sourcecode.c.h; path = "Alamofire-umbrella.h"; sourceTree = "<group>"; };
		2B075A3682290007856A5D9E2BA42C23 /* BarcodeEasyScan-umbrella.h */ = {isa = PBXFileReference; includeInIndex = 1; lastKnownFileType = sourcecode.c.h; path = "BarcodeEasyScan-umbrella.h"; sourceTree = "<group>"; };
		31FC80073BB866EB6BEB8B05763BA6E8 /* BarcodeEasyScan.framework */ = {isa = PBXFileReference; explicitFileType = wrapper.framework; includeInIndex = 0; name = BarcodeEasyScan.framework; path = BarcodeEasyScan.framework; sourceTree = BUILT_PRODUCTS_DIR; };
		3212113385A8FBBDB272BD23C409FF61 /* Foundation.framework */ = {isa = PBXFileReference; lastKnownFileType = wrapper.framework; name = Foundation.framework; path = Platforms/iPhoneOS.platform/Developer/SDKs/iPhoneOS12.2.sdk/System/Library/Frameworks/Foundation.framework; sourceTree = DEVELOPER_DIR; };
		344C6D22EBB36F694A70FD2D23C66833 /* Notifications.swift */ = {isa = PBXFileReference; includeInIndex = 1; lastKnownFileType = sourcecode.swift; name = Notifications.swift; path = Source/Notifications.swift; sourceTree = "<group>"; };
		4266D14F09958DEE5EB366A5E5562BA9 /* ParameterEncoding.swift */ = {isa = PBXFileReference; includeInIndex = 1; lastKnownFileType = sourcecode.swift; name = ParameterEncoding.swift; path = Source/ParameterEncoding.swift; sourceTree = "<group>"; };
		44271511707111EC51A00DDA32E9CE8A /* Pods-Scanner-acknowledgements.markdown */ = {isa = PBXFileReference; includeInIndex = 1; lastKnownFileType = text; path = "Pods-Scanner-acknowledgements.markdown"; sourceTree = "<group>"; };
		4B5F2F61783A55453F3B6DE63458F2A1 /* SessionDelegate.swift */ = {isa = PBXFileReference; includeInIndex = 1; lastKnownFileType = sourcecode.swift; name = SessionDelegate.swift; path = Source/SessionDelegate.swift; sourceTree = "<group>"; };
		4CD8FFF8C5F9D1340A9D60AF4CF64A53 /* BarcodeScannerViewController.swift */ = {isa = PBXFileReference; includeInIndex = 1; lastKnownFileType = sourcecode.swift; name = BarcodeScannerViewController.swift; path = BarcodeEasyScan/Classes/BarcodeScannerViewController.swift; sourceTree = "<group>"; };
		514E8DD74E5BEE3545F2C8FA19E485D7 /* Validation.swift */ = {isa = PBXFileReference; includeInIndex = 1; lastKnownFileType = sourcecode.swift; name = Validation.swift; path = Source/Validation.swift; sourceTree = "<group>"; };
		54F796C5750E79B9971316D9B7D30711 /* Pods-Scanner.release.xcconfig */ = {isa = PBXFileReference; includeInIndex = 1; lastKnownFileType = text.xcconfig; path = "Pods-Scanner.release.xcconfig"; sourceTree = "<group>"; };
		59E32123033021DF711380C08477EE6D /* SessionManager.swift */ = {isa = PBXFileReference; includeInIndex = 1; lastKnownFileType = sourcecode.swift; name = SessionManager.swift; path = Source/SessionManager.swift; sourceTree = "<group>"; };
		5BFBC092547C4244D7706A03A154917A /* NetworkReachabilityManager.swift */ = {isa = PBXFileReference; includeInIndex = 1; lastKnownFileType = sourcecode.swift; name = NetworkReachabilityManager.swift; path = Source/NetworkReachabilityManager.swift; sourceTree = "<group>"; };
		5D797E9A5C5782CE845840781FA1CC81 /* Alamofire.framework */ = {isa = PBXFileReference; explicitFileType = wrapper.framework; includeInIndex = 0; name = Alamofire.framework; path = Alamofire.framework; sourceTree = BUILT_PRODUCTS_DIR; };
		68BCF1C0AFC2502196DFA757F3190CAD /* Alamofire.swift */ = {isa = PBXFileReference; includeInIndex = 1; lastKnownFileType = sourcecode.swift; name = Alamofire.swift; path = Source/Alamofire.swift; sourceTree = "<group>"; };
		71FAFA153993969CA21CA5D74482CC56 /* Request.swift */ = {isa = PBXFileReference; includeInIndex = 1; lastKnownFileType = sourcecode.swift; name = Request.swift; path = Source/Request.swift; sourceTree = "<group>"; };
		77E19773981AD888FF9F4BC2E9AAB0BF /* BarcodeEasyScan.modulemap */ = {isa = PBXFileReference; includeInIndex = 1; lastKnownFileType = sourcecode.module; path = BarcodeEasyScan.modulemap; sourceTree = "<group>"; };
		782F042B2CEE91B6C5CBC2B77D28954F /* Pods-Scanner-umbrella.h */ = {isa = PBXFileReference; includeInIndex = 1; lastKnownFileType = sourcecode.c.h; path = "Pods-Scanner-umbrella.h"; sourceTree = "<group>"; };
		7CA7602F2FEC0302CBEC43B408B66D4A /* Result.swift */ = {isa = PBXFileReference; includeInIndex = 1; lastKnownFileType = sourcecode.swift; name = Result.swift; path = Source/Result.swift; sourceTree = "<group>"; };
		7F9D15ED4ADFA5EC3B41F897B481D304 /* Pods-Scanner-dummy.m */ = {isa = PBXFileReference; includeInIndex = 1; lastKnownFileType = sourcecode.c.objc; path = "Pods-Scanner-dummy.m"; sourceTree = "<group>"; };
		85B3BAE9B54266B00B41939FBF916B69 /* ResponseSerialization.swift */ = {isa = PBXFileReference; includeInIndex = 1; lastKnownFileType = sourcecode.swift; name = ResponseSerialization.swift; path = Source/ResponseSerialization.swift; sourceTree = "<group>"; };
		8C2EA690E9BCE3EC7FFD561DCA2C482B /* Response.swift */ = {isa = PBXFileReference; includeInIndex = 1; lastKnownFileType = sourcecode.swift; name = Response.swift; path = Source/Response.swift; sourceTree = "<group>"; };
		90A3CD22C43AE5D123DD475C3260F33E /* SwiftyJSON-umbrella.h */ = {isa = PBXFileReference; includeInIndex = 1; lastKnownFileType = sourcecode.c.h; path = "SwiftyJSON-umbrella.h"; sourceTree = "<group>"; };
		9AB425ED13B8AC63ED2B5FC67EA0A46A /* MultipartFormData.swift */ = {isa = PBXFileReference; includeInIndex = 1; lastKnownFileType = sourcecode.swift; name = MultipartFormData.swift; path = Source/MultipartFormData.swift; sourceTree = "<group>"; };
		9D940727FF8FB9C785EB98E56350EF41 /* Podfile */ = {isa = PBXFileReference; explicitFileType = text.script.ruby; includeInIndex = 1; indentWidth = 2; lastKnownFileType = text; name = Podfile; path = ../Podfile; sourceTree = SOURCE_ROOT; tabWidth = 2; xcLanguageSpecificationIdentifier = xcode.lang.ruby; };
		A9919CC78EC41C6051517649FB138275 /* Pods-Scanner-frameworks.sh */ = {isa = PBXFileReference; includeInIndex = 1; lastKnownFileType = text.script.sh; path = "Pods-Scanner-frameworks.sh"; sourceTree = "<group>"; };
		AE491F78B6D9DFC7B5C33A85BAC7D38A /* AFError.swift */ = {isa = PBXFileReference; includeInIndex = 1; lastKnownFileType = sourcecode.swift; name = AFError.swift; path = Source/AFError.swift; sourceTree = "<group>"; };
		B3B271DB4B0E950610D56383FE4BFAEF /* TaskDelegate.swift */ = {isa = PBXFileReference; includeInIndex = 1; lastKnownFileType = sourcecode.swift; name = TaskDelegate.swift; path = Source/TaskDelegate.swift; sourceTree = "<group>"; };
		B3BABA962B9B42B02F2BEB04C8F66066 /* Pods-Scanner-acknowledgements.plist */ = {isa = PBXFileReference; includeInIndex = 1; lastKnownFileType = text.plist.xml; path = "Pods-Scanner-acknowledgements.plist"; sourceTree = "<group>"; };
		B8AD06344959244A2F458721A049C12D /* BarcodeEasyScan-prefix.pch */ = {isa = PBXFileReference; includeInIndex = 1; lastKnownFileType = sourcecode.c.h; path = "BarcodeEasyScan-prefix.pch"; sourceTree = "<group>"; };
		BEFA30B3773481753F6620496A4084B6 /* Pods-Scanner.debug.xcconfig */ = {isa = PBXFileReference; includeInIndex = 1; lastKnownFileType = text.xcconfig; path = "Pods-Scanner.debug.xcconfig"; sourceTree = "<group>"; };
		C48FC30AE48671542327E154CCFAE396 /* SwiftyJSON.modulemap */ = {isa = PBXFileReference; includeInIndex = 1; lastKnownFileType = sourcecode.module; path = SwiftyJSON.modulemap; sourceTree = "<group>"; };
		C9BEB04864E481159038F05BA73BA93F /* DispatchQueue+Alamofire.swift */ = {isa = PBXFileReference; includeInIndex = 1; lastKnownFileType = sourcecode.swift; name = "DispatchQueue+Alamofire.swift"; path = "Source/DispatchQueue+Alamofire.swift"; sourceTree = "<group>"; };
		CA9544594F833FFFC6CE0449F42140D7 /* BarcodeEasyScan-dummy.m */ = {isa = PBXFileReference; includeInIndex = 1; lastKnownFileType = sourcecode.c.objc; path = "BarcodeEasyScan-dummy.m"; sourceTree = "<group>"; };
		D76A32EA9C4D6AD634B82F869AEF5FEA /* BarcodeEasyScan.xcconfig */ = {isa = PBXFileReference; includeInIndex = 1; lastKnownFileType = text.xcconfig; path = BarcodeEasyScan.xcconfig; sourceTree = "<group>"; };
		E13EAB4450A908876744386BE210BF45 /* Pods-Scanner-Info.plist */ = {isa = PBXFileReference; includeInIndex = 1; lastKnownFileType = text.plist.xml; path = "Pods-Scanner-Info.plist"; sourceTree = "<group>"; };
		E23C076BA70925415F490FEDB215DA92 /* SwiftyJSON.framework */ = {isa = PBXFileReference; explicitFileType = wrapper.framework; includeInIndex = 0; name = SwiftyJSON.framework; path = SwiftyJSON.framework; sourceTree = BUILT_PRODUCTS_DIR; };
		E622C18F9E82F06EA2D9347CCEFFB923 /* Pods-Scanner.modulemap */ = {isa = PBXFileReference; includeInIndex = 1; lastKnownFileType = sourcecode.module; path = "Pods-Scanner.modulemap"; sourceTree = "<group>"; };
		ED8712CBC73A1FE8AA7D0AA97FCB13DD /* Alamofire.xcconfig */ = {isa = PBXFileReference; includeInIndex = 1; lastKnownFileType = text.xcconfig; path = Alamofire.xcconfig; sourceTree = "<group>"; };
		F074C0C9951CADF1E6AC92DB8AAA3B73 /* Pods_Scanner.framework */ = {isa = PBXFileReference; explicitFileType = wrapper.framework; includeInIndex = 0; name = Pods_Scanner.framework; path = "Pods-Scanner.framework"; sourceTree = BUILT_PRODUCTS_DIR; };
/* End PBXFileReference section */

/* Begin PBXFrameworksBuildPhase section */
		090C1D63463ACF622287EFF9D5C9392D /* Frameworks */ = {
			isa = PBXFrameworksBuildPhase;
			buildActionMask = 2147483647;
			files = (
				7664FD4F59A0C00866CBAE60B0A3AD64 /* Foundation.framework in Frameworks */,
			);
			runOnlyForDeploymentPostprocessing = 0;
		};
		9CFDE8AEB537840ECDB8DEBC348FFF18 /* Frameworks */ = {
			isa = PBXFrameworksBuildPhase;
			buildActionMask = 2147483647;
			files = (
				9C731C5DA05491DC1BB69E129ACA2393 /* Foundation.framework in Frameworks */,
			);
			runOnlyForDeploymentPostprocessing = 0;
		};
		AD9C5A8DAF4334B670E91B2EC08DBE2C /* Frameworks */ = {
			isa = PBXFrameworksBuildPhase;
			buildActionMask = 2147483647;
			files = (
				464450D037D17ED5EE2322E180A6A9F5 /* Foundation.framework in Frameworks */,
			);
			runOnlyForDeploymentPostprocessing = 0;
		};
		EE6E89D4B708585561FFC3A2827433F5 /* Frameworks */ = {
			isa = PBXFrameworksBuildPhase;
			buildActionMask = 2147483647;
			files = (
				3F120C4F54C25778E9C0D3D43F3DEA2D /* Foundation.framework in Frameworks */,
			);
			runOnlyForDeploymentPostprocessing = 0;
		};
/* End PBXFrameworksBuildPhase section */

/* Begin PBXGroup section */
		05F181D2B94526781C944133DF42188A /* Support Files */ = {
			isa = PBXGroup;
			children = (
				C48FC30AE48671542327E154CCFAE396 /* SwiftyJSON.modulemap */,
				22A7676F882187127D049C63DFC4D185 /* SwiftyJSON.xcconfig */,
				0851A8B73AA51C133D39FD24B4A1A5E0 /* SwiftyJSON-dummy.m */,
				0727F22291F1F090396EDFAE81C3FD65 /* SwiftyJSON-Info.plist */,
				211AF1B5F9D923E8ACE2C45E98CB58EF /* SwiftyJSON-prefix.pch */,
				90A3CD22C43AE5D123DD475C3260F33E /* SwiftyJSON-umbrella.h */,
			);
			name = "Support Files";
			path = "../Target Support Files/SwiftyJSON";
			sourceTree = "<group>";
		};
		42EE2B4479A71355986614E07D249033 /* Pods-Scanner */ = {
			isa = PBXGroup;
			children = (
				E622C18F9E82F06EA2D9347CCEFFB923 /* Pods-Scanner.modulemap */,
				44271511707111EC51A00DDA32E9CE8A /* Pods-Scanner-acknowledgements.markdown */,
				B3BABA962B9B42B02F2BEB04C8F66066 /* Pods-Scanner-acknowledgements.plist */,
				7F9D15ED4ADFA5EC3B41F897B481D304 /* Pods-Scanner-dummy.m */,
				A9919CC78EC41C6051517649FB138275 /* Pods-Scanner-frameworks.sh */,
				E13EAB4450A908876744386BE210BF45 /* Pods-Scanner-Info.plist */,
				782F042B2CEE91B6C5CBC2B77D28954F /* Pods-Scanner-umbrella.h */,
				BEFA30B3773481753F6620496A4084B6 /* Pods-Scanner.debug.xcconfig */,
				54F796C5750E79B9971316D9B7D30711 /* Pods-Scanner.release.xcconfig */,
			);
			name = "Pods-Scanner";
			path = "Target Support Files/Pods-Scanner";
			sourceTree = "<group>";
		};
		4FF1150AD42A673D7B2388A12AE5B80B /* BarcodeEasyScan */ = {
			isa = PBXGroup;
			children = (
				4CD8FFF8C5F9D1340A9D60AF4CF64A53 /* BarcodeScannerViewController.swift */,
				ABD412D0A9DD5514518903305A0C3B82 /* Support Files */,
			);
			name = BarcodeEasyScan;
			path = BarcodeEasyScan;
			sourceTree = "<group>";
		};
		84E6C4BE484751227E7FE4AB61F36E83 /* Pods */ = {
			isa = PBXGroup;
			children = (
				E0A260FC9D0E2E05A894EACE87572CEB /* Alamofire */,
				4FF1150AD42A673D7B2388A12AE5B80B /* BarcodeEasyScan */,
				8897C171C68DD2E68C35945807657E19 /* SwiftyJSON */,
			);
			name = Pods;
			sourceTree = "<group>";
		};
		8897C171C68DD2E68C35945807657E19 /* SwiftyJSON */ = {
			isa = PBXGroup;
			children = (
				0003814577E4541D947588D966C05035 /* SwiftyJSON.swift */,
				05F181D2B94526781C944133DF42188A /* Support Files */,
			);
			name = SwiftyJSON;
			path = SwiftyJSON;
			sourceTree = "<group>";
		};
		ABD412D0A9DD5514518903305A0C3B82 /* Support Files */ = {
			isa = PBXGroup;
			children = (
				77E19773981AD888FF9F4BC2E9AAB0BF /* BarcodeEasyScan.modulemap */,
				D76A32EA9C4D6AD634B82F869AEF5FEA /* BarcodeEasyScan.xcconfig */,
				CA9544594F833FFFC6CE0449F42140D7 /* BarcodeEasyScan-dummy.m */,
				2672FA4CBA132C7923482E3A325CA5BC /* BarcodeEasyScan-Info.plist */,
				B8AD06344959244A2F458721A049C12D /* BarcodeEasyScan-prefix.pch */,
				2B075A3682290007856A5D9E2BA42C23 /* BarcodeEasyScan-umbrella.h */,
			);
			name = "Support Files";
			path = "../Target Support Files/BarcodeEasyScan";
			sourceTree = "<group>";
		};
		C0834CEBB1379A84116EF29F93051C60 /* iOS */ = {
			isa = PBXGroup;
			children = (
				3212113385A8FBBDB272BD23C409FF61 /* Foundation.framework */,
			);
			name = iOS;
			sourceTree = "<group>";
		};
		C5F7BD03633A85357E8E1F271BF04DC5 /* Targets Support Files */ = {
			isa = PBXGroup;
			children = (
				42EE2B4479A71355986614E07D249033 /* Pods-Scanner */,
			);
			name = "Targets Support Files";
			sourceTree = "<group>";
		};
		CF1408CF629C7361332E53B88F7BD30C = {
			isa = PBXGroup;
			children = (
				9D940727FF8FB9C785EB98E56350EF41 /* Podfile */,
				D210D550F4EA176C3123ED886F8F87F5 /* Frameworks */,
				84E6C4BE484751227E7FE4AB61F36E83 /* Pods */,
				D30D0891DBA4DC097014A61DBB8247CB /* Products */,
				C5F7BD03633A85357E8E1F271BF04DC5 /* Targets Support Files */,
			);
			sourceTree = "<group>";
		};
		D210D550F4EA176C3123ED886F8F87F5 /* Frameworks */ = {
			isa = PBXGroup;
			children = (
				C0834CEBB1379A84116EF29F93051C60 /* iOS */,
			);
			name = Frameworks;
			sourceTree = "<group>";
		};
		D30D0891DBA4DC097014A61DBB8247CB /* Products */ = {
			isa = PBXGroup;
			children = (
				5D797E9A5C5782CE845840781FA1CC81 /* Alamofire.framework */,
				31FC80073BB866EB6BEB8B05763BA6E8 /* BarcodeEasyScan.framework */,
				F074C0C9951CADF1E6AC92DB8AAA3B73 /* Pods_Scanner.framework */,
				E23C076BA70925415F490FEDB215DA92 /* SwiftyJSON.framework */,
			);
			name = Products;
			sourceTree = "<group>";
		};
		E0A260FC9D0E2E05A894EACE87572CEB /* Alamofire */ = {
			isa = PBXGroup;
			children = (
				AE491F78B6D9DFC7B5C33A85BAC7D38A /* AFError.swift */,
				68BCF1C0AFC2502196DFA757F3190CAD /* Alamofire.swift */,
				C9BEB04864E481159038F05BA73BA93F /* DispatchQueue+Alamofire.swift */,
				9AB425ED13B8AC63ED2B5FC67EA0A46A /* MultipartFormData.swift */,
				5BFBC092547C4244D7706A03A154917A /* NetworkReachabilityManager.swift */,
				344C6D22EBB36F694A70FD2D23C66833 /* Notifications.swift */,
				4266D14F09958DEE5EB366A5E5562BA9 /* ParameterEncoding.swift */,
				71FAFA153993969CA21CA5D74482CC56 /* Request.swift */,
				8C2EA690E9BCE3EC7FFD561DCA2C482B /* Response.swift */,
				85B3BAE9B54266B00B41939FBF916B69 /* ResponseSerialization.swift */,
				7CA7602F2FEC0302CBEC43B408B66D4A /* Result.swift */,
				0803861B22F4264E2B7C44F53A33E7FF /* ServerTrustPolicy.swift */,
				4B5F2F61783A55453F3B6DE63458F2A1 /* SessionDelegate.swift */,
				59E32123033021DF711380C08477EE6D /* SessionManager.swift */,
				B3B271DB4B0E950610D56383FE4BFAEF /* TaskDelegate.swift */,
				193CB29141D4260FC76F7137E00CDBCA /* Timeline.swift */,
				514E8DD74E5BEE3545F2C8FA19E485D7 /* Validation.swift */,
				EAF5A3186007A207AB283D66E9F8AFAE /* Support Files */,
			);
			name = Alamofire;
			path = Alamofire;
			sourceTree = "<group>";
		};
		EAF5A3186007A207AB283D66E9F8AFAE /* Support Files */ = {
			isa = PBXGroup;
			children = (
				08EB3F24AEC60ECA9A2C118E36856718 /* Alamofire.modulemap */,
				ED8712CBC73A1FE8AA7D0AA97FCB13DD /* Alamofire.xcconfig */,
				02B65D4F4B4B8A5CE5D97FB16A749F92 /* Alamofire-dummy.m */,
				06AF95D95EA91DB453DFD7EDA9AE75CA /* Alamofire-Info.plist */,
				0FFC9A2F159BB5D68F9E91D7EC9C06CC /* Alamofire-prefix.pch */,
				29ACF536FE87D481FC229CEC603A815C /* Alamofire-umbrella.h */,
			);
			name = "Support Files";
			path = "../Target Support Files/Alamofire";
			sourceTree = "<group>";
		};
/* End PBXGroup section */

/* Begin PBXHeadersBuildPhase section */
		2582784E4FA6A1AC5D23FC53AC3F6EE2 /* Headers */ = {
			isa = PBXHeadersBuildPhase;
			buildActionMask = 2147483647;
			files = (
				F7B74645E07C39771156A1FA413B98D4 /* Alamofire-umbrella.h in Headers */,
			);
			runOnlyForDeploymentPostprocessing = 0;
		};
		3D7DD627DB5C5AD636646E57B685AFB2 /* Headers */ = {
			isa = PBXHeadersBuildPhase;
			buildActionMask = 2147483647;
			files = (
				1942F7D3B7722A5637C3FC0BE44B1E6C /* SwiftyJSON-umbrella.h in Headers */,
			);
			runOnlyForDeploymentPostprocessing = 0;
		};
		4F098BE50980FA8D14D5C7AF93CBCFE7 /* Headers */ = {
			isa = PBXHeadersBuildPhase;
			buildActionMask = 2147483647;
			files = (
				7080046B49A0772CAB9E790CFB1FE41A /* BarcodeEasyScan-umbrella.h in Headers */,
			);
			runOnlyForDeploymentPostprocessing = 0;
		};
		6EC3A353CD7382F3051CA0AFDC3963A9 /* Headers */ = {
			isa = PBXHeadersBuildPhase;
			buildActionMask = 2147483647;
			files = (
				A10E910017EBB753B89254D3388D9F1C /* Pods-Scanner-umbrella.h in Headers */,
			);
			runOnlyForDeploymentPostprocessing = 0;
		};
/* End PBXHeadersBuildPhase section */

/* Begin PBXNativeTarget section */
		D118A6A04828FD3CDA8640CD2B6796D2 /* SwiftyJSON */ = {
			isa = PBXNativeTarget;
			buildConfigurationList = 62468BF9C7EDA172E951A24083C3ECA7 /* Build configuration list for PBXNativeTarget "SwiftyJSON" */;
			buildPhases = (
				3D7DD627DB5C5AD636646E57B685AFB2 /* Headers */,
				1700C451C98D9DCECBEDFC5E351C5A9E /* Sources */,
				AD9C5A8DAF4334B670E91B2EC08DBE2C /* Frameworks */,
				D098F7F0080A87A1F472C81FC2F85528 /* Resources */,
			);
			buildRules = (
			);
			dependencies = (
			);
			name = SwiftyJSON;
			productName = SwiftyJSON;
			productReference = E23C076BA70925415F490FEDB215DA92 /* SwiftyJSON.framework */;
			productType = "com.apple.product-type.framework";
		};
		E6A8C50B8CA7327DFD5679548955EBBF /* BarcodeEasyScan */ = {
			isa = PBXNativeTarget;
			buildConfigurationList = 6AB95C274CAD041F89CB909FB5114C73 /* Build configuration list for PBXNativeTarget "BarcodeEasyScan" */;
			buildPhases = (
				4F098BE50980FA8D14D5C7AF93CBCFE7 /* Headers */,
				B8D2BA46208753D9E83601A630875717 /* Sources */,
				9CFDE8AEB537840ECDB8DEBC348FFF18 /* Frameworks */,
				EC82FE9461EF3E983425090AE34951EC /* Resources */,
			);
			buildRules = (
			);
			dependencies = (
			);
			name = BarcodeEasyScan;
			productName = BarcodeEasyScan;
			productReference = 31FC80073BB866EB6BEB8B05763BA6E8 /* BarcodeEasyScan.framework */;
			productType = "com.apple.product-type.framework";
		};
		E97D8E3DD746223122968C2F0AA78854 /* Pods-Scanner */ = {
			isa = PBXNativeTarget;
			buildConfigurationList = 85C89D6454AF12D9881E0AE967E297AA /* Build configuration list for PBXNativeTarget "Pods-Scanner" */;
			buildPhases = (
				6EC3A353CD7382F3051CA0AFDC3963A9 /* Headers */,
				17EBD6C67F34E1C9F2C84D0992BB871C /* Sources */,
				EE6E89D4B708585561FFC3A2827433F5 /* Frameworks */,
				45CFBEDDF810CD7AA2673372F593AD76 /* Resources */,
			);
			buildRules = (
			);
			dependencies = (
				7D5F84EBE64178D245B9EA2CA0CD6FDC /* PBXTargetDependency */,
				34EE2650463F40D16AED8614B3359AD7 /* PBXTargetDependency */,
				FF2A8B10CD35F0ADF7F7368E8845CCF9 /* PBXTargetDependency */,
			);
			name = "Pods-Scanner";
			productName = "Pods-Scanner";
			productReference = F074C0C9951CADF1E6AC92DB8AAA3B73 /* Pods_Scanner.framework */;
			productType = "com.apple.product-type.framework";
		};
		EAAA1AD3A8A1B59AB91319EE40752C6D /* Alamofire */ = {
			isa = PBXNativeTarget;
			buildConfigurationList = E4A5194ABAF7A4780609E0E581DA6B54 /* Build configuration list for PBXNativeTarget "Alamofire" */;
			buildPhases = (
				2582784E4FA6A1AC5D23FC53AC3F6EE2 /* Headers */,
				2DDFD9AC10F181CD7130BDF5F9E0502B /* Sources */,
				090C1D63463ACF622287EFF9D5C9392D /* Frameworks */,
				473D3E892ABB6C798CFF290644259B34 /* Resources */,
			);
			buildRules = (
			);
			dependencies = (
			);
			name = Alamofire;
			productName = Alamofire;
			productReference = 5D797E9A5C5782CE845840781FA1CC81 /* Alamofire.framework */;
			productType = "com.apple.product-type.framework";
		};
/* End PBXNativeTarget section */

/* Begin PBXProject section */
		BFDFE7DC352907FC980B868725387E98 /* Project object */ = {
			isa = PBXProject;
			attributes = {
				LastSwiftUpdateCheck = 1100;
				LastUpgradeCheck = 1100;
			};
			buildConfigurationList = 4821239608C13582E20E6DA73FD5F1F9 /* Build configuration list for PBXProject "Pods" */;
			compatibilityVersion = "Xcode 10.0";
			developmentRegion = en;
			hasScannedForEncodings = 0;
			knownRegions = (
				en,
			);
			mainGroup = CF1408CF629C7361332E53B88F7BD30C;
			productRefGroup = D30D0891DBA4DC097014A61DBB8247CB /* Products */;
			projectDirPath = "";
			projectRoot = "";
			targets = (
				EAAA1AD3A8A1B59AB91319EE40752C6D /* Alamofire */,
				E6A8C50B8CA7327DFD5679548955EBBF /* BarcodeEasyScan */,
				E97D8E3DD746223122968C2F0AA78854 /* Pods-Scanner */,
				D118A6A04828FD3CDA8640CD2B6796D2 /* SwiftyJSON */,
			);
		};
/* End PBXProject section */

/* Begin PBXResourcesBuildPhase section */
		45CFBEDDF810CD7AA2673372F593AD76 /* Resources */ = {
			isa = PBXResourcesBuildPhase;
			buildActionMask = 2147483647;
			files = (
			);
			runOnlyForDeploymentPostprocessing = 0;
		};
		473D3E892ABB6C798CFF290644259B34 /* Resources */ = {
			isa = PBXResourcesBuildPhase;
			buildActionMask = 2147483647;
			files = (
			);
			runOnlyForDeploymentPostprocessing = 0;
		};
		D098F7F0080A87A1F472C81FC2F85528 /* Resources */ = {
			isa = PBXResourcesBuildPhase;
			buildActionMask = 2147483647;
			files = (
			);
			runOnlyForDeploymentPostprocessing = 0;
		};
		EC82FE9461EF3E983425090AE34951EC /* Resources */ = {
			isa = PBXResourcesBuildPhase;
			buildActionMask = 2147483647;
			files = (
			);
			runOnlyForDeploymentPostprocessing = 0;
		};
/* End PBXResourcesBuildPhase section */

/* Begin PBXSourcesBuildPhase section */
		1700C451C98D9DCECBEDFC5E351C5A9E /* Sources */ = {
			isa = PBXSourcesBuildPhase;
			buildActionMask = 2147483647;
			files = (
				2BF6FBC0A64BF107C5D64C61F1397770 /* SwiftyJSON-dummy.m in Sources */,
				7B4CE5C84161E2BFE477F42DFD634382 /* SwiftyJSON.swift in Sources */,
			);
			runOnlyForDeploymentPostprocessing = 0;
		};
		17EBD6C67F34E1C9F2C84D0992BB871C /* Sources */ = {
			isa = PBXSourcesBuildPhase;
			buildActionMask = 2147483647;
			files = (
				D71618DF088A043B4E9D99B08EEB7A57 /* Pods-Scanner-dummy.m in Sources */,
			);
			runOnlyForDeploymentPostprocessing = 0;
		};
		2DDFD9AC10F181CD7130BDF5F9E0502B /* Sources */ = {
			isa = PBXSourcesBuildPhase;
			buildActionMask = 2147483647;
			files = (
				83956E20859CDBBE7BC38ABADE0170FB /* AFError.swift in Sources */,
				1945CD5D63A1C164AEAAA9A33E85571E /* Alamofire-dummy.m in Sources */,
				BEE6B677416CA71C981D1D3F60B18C96 /* Alamofire.swift in Sources */,
				D3D8C379C6E4FB487E5ABD6800AD7B7E /* DispatchQueue+Alamofire.swift in Sources */,
				1986B50C74F1697EA43F68335C93CEB3 /* MultipartFormData.swift in Sources */,
				3571F958A3907B3A806E62D50C2550D4 /* NetworkReachabilityManager.swift in Sources */,
				132E0F619E4338E5D1B27E4C72076B3F /* Notifications.swift in Sources */,
				0C5E11DE24DAA737704B355F5F2F3426 /* ParameterEncoding.swift in Sources */,
				98A929C8E9012AB167672714FFD2113C /* Request.swift in Sources */,
				D65C254F5ABF2CB5ECEE50FE8F8E1A80 /* Response.swift in Sources */,
				E3747EC31FCCA97D75A81FC700CF7E24 /* ResponseSerialization.swift in Sources */,
				64744C911253C3E01461FAD7C935C8D7 /* Result.swift in Sources */,
				F13F2AA7F2E6D95A181CAB99B900D531 /* ServerTrustPolicy.swift in Sources */,
				2C61B040BA6A9A7AE66C4D9BA26D5520 /* SessionDelegate.swift in Sources */,
				931BBB8230A25161D5C37528A8F9FECF /* SessionManager.swift in Sources */,
				AFC64B1097F7355FF423D6A73E9C7210 /* TaskDelegate.swift in Sources */,
				933FDA5970AA525D6CB92BFEBA2BAB4A /* Timeline.swift in Sources */,
				53791F5E5F07400F92CFDFC89A432305 /* Validation.swift in Sources */,
			);
			runOnlyForDeploymentPostprocessing = 0;
		};
		B8D2BA46208753D9E83601A630875717 /* Sources */ = {
			isa = PBXSourcesBuildPhase;
			buildActionMask = 2147483647;
			files = (
				04BAEC407D893A6CE7AD88BA270C5120 /* BarcodeEasyScan-dummy.m in Sources */,
				951474460320F4AB32FF3F7EB1B55B91 /* BarcodeScannerViewController.swift in Sources */,
			);
			runOnlyForDeploymentPostprocessing = 0;
		};
/* End PBXSourcesBuildPhase section */

/* Begin PBXTargetDependency section */
		34EE2650463F40D16AED8614B3359AD7 /* PBXTargetDependency */ = {
			isa = PBXTargetDependency;
			name = BarcodeEasyScan;
			target = E6A8C50B8CA7327DFD5679548955EBBF /* BarcodeEasyScan */;
			targetProxy = EB799E843157651CFDBD165796C02ED3 /* PBXContainerItemProxy */;
		};
		7D5F84EBE64178D245B9EA2CA0CD6FDC /* PBXTargetDependency */ = {
			isa = PBXTargetDependency;
			name = Alamofire;
			target = EAAA1AD3A8A1B59AB91319EE40752C6D /* Alamofire */;
			targetProxy = D6E6B903B39599A53FFE8874A9F7C34E /* PBXContainerItemProxy */;
		};
		FF2A8B10CD35F0ADF7F7368E8845CCF9 /* PBXTargetDependency */ = {
			isa = PBXTargetDependency;
			name = SwiftyJSON;
			target = D118A6A04828FD3CDA8640CD2B6796D2 /* SwiftyJSON */;
			targetProxy = D03B5F9BA6B5F92E5DF8B3AD66BAF2D8 /* PBXContainerItemProxy */;
		};
/* End PBXTargetDependency section */

/* Begin XCBuildConfiguration section */
		0C9225B883653077930C00A60F10B5DA /* Debug */ = {
			isa = XCBuildConfiguration;
			baseConfigurationReference = D76A32EA9C4D6AD634B82F869AEF5FEA /* BarcodeEasyScan.xcconfig */;
			buildSettings = {
				CLANG_ENABLE_OBJC_WEAK = NO;
				CODE_SIGN_IDENTITY = "";
				"CODE_SIGN_IDENTITY[sdk=appletvos*]" = "";
				"CODE_SIGN_IDENTITY[sdk=iphoneos*]" = "";
				"CODE_SIGN_IDENTITY[sdk=watchos*]" = "";
				CURRENT_PROJECT_VERSION = 1;
				DEFINES_MODULE = YES;
				DYLIB_COMPATIBILITY_VERSION = 1;
				DYLIB_CURRENT_VERSION = 1;
				DYLIB_INSTALL_NAME_BASE = "@rpath";
				GCC_PREFIX_HEADER = "Target Support Files/BarcodeEasyScan/BarcodeEasyScan-prefix.pch";
				INFOPLIST_FILE = "Target Support Files/BarcodeEasyScan/BarcodeEasyScan-Info.plist";
				INSTALL_PATH = "$(LOCAL_LIBRARY_DIR)/Frameworks";
				IPHONEOS_DEPLOYMENT_TARGET = 10.0;
				LD_RUNPATH_SEARCH_PATHS = (
					"$(inherited)",
					"@executable_path/Frameworks",
					"@loader_path/Frameworks",
				);
				MODULEMAP_FILE = "Target Support Files/BarcodeEasyScan/BarcodeEasyScan.modulemap";
				PRODUCT_MODULE_NAME = BarcodeEasyScan;
				PRODUCT_NAME = BarcodeEasyScan;
				SDKROOT = iphoneos;
				SKIP_INSTALL = YES;
				SWIFT_ACTIVE_COMPILATION_CONDITIONS = "$(inherited) ";
				SWIFT_VERSION = 4.2;
				TARGETED_DEVICE_FAMILY = "1,2";
				VERSIONING_SYSTEM = "apple-generic";
				VERSION_INFO_PREFIX = "";
			};
			name = Debug;
		};
		26E9A7B7CC36D753291E2D3570A8DB18 /* Release */ = {
			isa = XCBuildConfiguration;
			baseConfigurationReference = ED8712CBC73A1FE8AA7D0AA97FCB13DD /* Alamofire.xcconfig */;
			buildSettings = {
				CODE_SIGN_IDENTITY = "";
				"CODE_SIGN_IDENTITY[sdk=appletvos*]" = "";
				"CODE_SIGN_IDENTITY[sdk=iphoneos*]" = "";
				"CODE_SIGN_IDENTITY[sdk=watchos*]" = "";
				CURRENT_PROJECT_VERSION = 1;
				DEFINES_MODULE = YES;
				DYLIB_COMPATIBILITY_VERSION = 1;
				DYLIB_CURRENT_VERSION = 1;
				DYLIB_INSTALL_NAME_BASE = "@rpath";
				GCC_PREFIX_HEADER = "Target Support Files/Alamofire/Alamofire-prefix.pch";
				INFOPLIST_FILE = "Target Support Files/Alamofire/Alamofire-Info.plist";
				INSTALL_PATH = "$(LOCAL_LIBRARY_DIR)/Frameworks";
				IPHONEOS_DEPLOYMENT_TARGET = 8.0;
				LD_RUNPATH_SEARCH_PATHS = (
					"$(inherited)",
					"@executable_path/Frameworks",
					"@loader_path/Frameworks",
				);
				MODULEMAP_FILE = "Target Support Files/Alamofire/Alamofire.modulemap";
				PRODUCT_MODULE_NAME = Alamofire;
				PRODUCT_NAME = Alamofire;
				SDKROOT = iphoneos;
				SKIP_INSTALL = YES;
				SWIFT_ACTIVE_COMPILATION_CONDITIONS = "$(inherited) ";
				SWIFT_VERSION = 5.0;
				TARGETED_DEVICE_FAMILY = "1,2";
				VALIDATE_PRODUCT = YES;
				VERSIONING_SYSTEM = "apple-generic";
				VERSION_INFO_PREFIX = "";
			};
			name = Release;
		};
		403102BF2D20FE96B48CF97BFCAF67E6 /* Release */ = {
			isa = XCBuildConfiguration;
			baseConfigurationReference = D76A32EA9C4D6AD634B82F869AEF5FEA /* BarcodeEasyScan.xcconfig */;
			buildSettings = {
				CLANG_ENABLE_OBJC_WEAK = NO;
				CODE_SIGN_IDENTITY = "";
				"CODE_SIGN_IDENTITY[sdk=appletvos*]" = "";
				"CODE_SIGN_IDENTITY[sdk=iphoneos*]" = "";
				"CODE_SIGN_IDENTITY[sdk=watchos*]" = "";
				CURRENT_PROJECT_VERSION = 1;
				DEFINES_MODULE = YES;
				DYLIB_COMPATIBILITY_VERSION = 1;
				DYLIB_CURRENT_VERSION = 1;
				DYLIB_INSTALL_NAME_BASE = "@rpath";
				GCC_PREFIX_HEADER = "Target Support Files/BarcodeEasyScan/BarcodeEasyScan-prefix.pch";
				INFOPLIST_FILE = "Target Support Files/BarcodeEasyScan/BarcodeEasyScan-Info.plist";
				INSTALL_PATH = "$(LOCAL_LIBRARY_DIR)/Frameworks";
				IPHONEOS_DEPLOYMENT_TARGET = 10.0;
				LD_RUNPATH_SEARCH_PATHS = (
					"$(inherited)",
					"@executable_path/Frameworks",
					"@loader_path/Frameworks",
				);
				MODULEMAP_FILE = "Target Support Files/BarcodeEasyScan/BarcodeEasyScan.modulemap";
				PRODUCT_MODULE_NAME = BarcodeEasyScan;
				PRODUCT_NAME = BarcodeEasyScan;
				SDKROOT = iphoneos;
				SKIP_INSTALL = YES;
				SWIFT_ACTIVE_COMPILATION_CONDITIONS = "$(inherited) ";
				SWIFT_VERSION = 4.2;
				TARGETED_DEVICE_FAMILY = "1,2";
				VALIDATE_PRODUCT = YES;
				VERSIONING_SYSTEM = "apple-generic";
				VERSION_INFO_PREFIX = "";
			};
			name = Release;
		};
		6410F571BA8C1AEC6A19403F1B61B0B5 /* Debug */ = {
			isa = XCBuildConfiguration;
			buildSettings = {
				ALWAYS_SEARCH_USER_PATHS = NO;
				CLANG_ANALYZER_NONNULL = YES;
				CLANG_ANALYZER_NUMBER_OBJECT_CONVERSION = YES_AGGRESSIVE;
				CLANG_CXX_LANGUAGE_STANDARD = "gnu++14";
				CLANG_CXX_LIBRARY = "libc++";
				CLANG_ENABLE_MODULES = YES;
				CLANG_ENABLE_OBJC_ARC = YES;
				CLANG_ENABLE_OBJC_WEAK = YES;
				CLANG_WARN_BLOCK_CAPTURE_AUTORELEASING = YES;
				CLANG_WARN_BOOL_CONVERSION = YES;
				CLANG_WARN_COMMA = YES;
				CLANG_WARN_CONSTANT_CONVERSION = YES;
				CLANG_WARN_DEPRECATED_OBJC_IMPLEMENTATIONS = YES;
				CLANG_WARN_DIRECT_OBJC_ISA_USAGE = YES_ERROR;
				CLANG_WARN_DOCUMENTATION_COMMENTS = YES;
				CLANG_WARN_EMPTY_BODY = YES;
				CLANG_WARN_ENUM_CONVERSION = YES;
				CLANG_WARN_INFINITE_RECURSION = YES;
				CLANG_WARN_INT_CONVERSION = YES;
				CLANG_WARN_NON_LITERAL_NULL_CONVERSION = YES;
				CLANG_WARN_OBJC_IMPLICIT_RETAIN_SELF = YES;
				CLANG_WARN_OBJC_LITERAL_CONVERSION = YES;
				CLANG_WARN_OBJC_ROOT_CLASS = YES_ERROR;
				CLANG_WARN_RANGE_LOOP_ANALYSIS = YES;
				CLANG_WARN_STRICT_PROTOTYPES = YES;
				CLANG_WARN_SUSPICIOUS_MOVE = YES;
				CLANG_WARN_UNGUARDED_AVAILABILITY = YES_AGGRESSIVE;
				CLANG_WARN_UNREACHABLE_CODE = YES;
				CLANG_WARN__DUPLICATE_METHOD_MATCH = YES;
				COPY_PHASE_STRIP = NO;
				DEBUG_INFORMATION_FORMAT = dwarf;
				ENABLE_STRICT_OBJC_MSGSEND = YES;
				ENABLE_TESTABILITY = YES;
				GCC_C_LANGUAGE_STANDARD = gnu11;
				GCC_DYNAMIC_NO_PIC = NO;
				GCC_NO_COMMON_BLOCKS = YES;
				GCC_OPTIMIZATION_LEVEL = 0;
				GCC_PREPROCESSOR_DEFINITIONS = (
					"POD_CONFIGURATION_DEBUG=1",
					"DEBUG=1",
					"$(inherited)",
				);
				GCC_WARN_64_TO_32_BIT_CONVERSION = YES;
				GCC_WARN_ABOUT_RETURN_TYPE = YES_ERROR;
				GCC_WARN_UNDECLARED_SELECTOR = YES;
				GCC_WARN_UNINITIALIZED_AUTOS = YES_AGGRESSIVE;
				GCC_WARN_UNUSED_FUNCTION = YES;
				GCC_WARN_UNUSED_VARIABLE = YES;
				IPHONEOS_DEPLOYMENT_TARGET = 12.4;
				MTL_ENABLE_DEBUG_INFO = INCLUDE_SOURCE;
				MTL_FAST_MATH = YES;
				ONLY_ACTIVE_ARCH = YES;
				PRODUCT_NAME = "$(TARGET_NAME)";
				STRIP_INSTALLED_PRODUCT = NO;
				SWIFT_ACTIVE_COMPILATION_CONDITIONS = DEBUG;
				SWIFT_OPTIMIZATION_LEVEL = "-Onone";
				SWIFT_VERSION = 5.0;
				SYMROOT = "${SRCROOT}/../build";
			};
			name = Debug;
		};
		6E2226BAF771B9AEEA8FE646C18E7879 /* Release */ = {
			isa = XCBuildConfiguration;
			baseConfigurationReference = 22A7676F882187127D049C63DFC4D185 /* SwiftyJSON.xcconfig */;
			buildSettings = {
				CODE_SIGN_IDENTITY = "";
				"CODE_SIGN_IDENTITY[sdk=appletvos*]" = "";
				"CODE_SIGN_IDENTITY[sdk=iphoneos*]" = "";
				"CODE_SIGN_IDENTITY[sdk=watchos*]" = "";
				CURRENT_PROJECT_VERSION = 1;
				DEFINES_MODULE = YES;
				DYLIB_COMPATIBILITY_VERSION = 1;
				DYLIB_CURRENT_VERSION = 1;
				DYLIB_INSTALL_NAME_BASE = "@rpath";
				GCC_PREFIX_HEADER = "Target Support Files/SwiftyJSON/SwiftyJSON-prefix.pch";
				INFOPLIST_FILE = "Target Support Files/SwiftyJSON/SwiftyJSON-Info.plist";
				INSTALL_PATH = "$(LOCAL_LIBRARY_DIR)/Frameworks";
				IPHONEOS_DEPLOYMENT_TARGET = 8.0;
				LD_RUNPATH_SEARCH_PATHS = (
					"$(inherited)",
					"@executable_path/Frameworks",
					"@loader_path/Frameworks",
				);
				MODULEMAP_FILE = "Target Support Files/SwiftyJSON/SwiftyJSON.modulemap";
				PRODUCT_MODULE_NAME = SwiftyJSON;
				PRODUCT_NAME = SwiftyJSON;
				SDKROOT = iphoneos;
				SKIP_INSTALL = YES;
				SWIFT_ACTIVE_COMPILATION_CONDITIONS = "$(inherited) ";
				SWIFT_VERSION = 5.0;
				TARGETED_DEVICE_FAMILY = "1,2";
				VALIDATE_PRODUCT = YES;
				VERSIONING_SYSTEM = "apple-generic";
				VERSION_INFO_PREFIX = "";
			};
			name = Release;
		};
		A27713CB74E99AF202AADC23200A32F4 /* Release */ = {
			isa = XCBuildConfiguration;
			buildSettings = {
				ALWAYS_SEARCH_USER_PATHS = NO;
				CLANG_ANALYZER_NONNULL = YES;
				CLANG_ANALYZER_NUMBER_OBJECT_CONVERSION = YES_AGGRESSIVE;
				CLANG_CXX_LANGUAGE_STANDARD = "gnu++14";
				CLANG_CXX_LIBRARY = "libc++";
				CLANG_ENABLE_MODULES = YES;
				CLANG_ENABLE_OBJC_ARC = YES;
				CLANG_ENABLE_OBJC_WEAK = YES;
				CLANG_WARN_BLOCK_CAPTURE_AUTORELEASING = YES;
				CLANG_WARN_BOOL_CONVERSION = YES;
				CLANG_WARN_COMMA = YES;
				CLANG_WARN_CONSTANT_CONVERSION = YES;
				CLANG_WARN_DEPRECATED_OBJC_IMPLEMENTATIONS = YES;
				CLANG_WARN_DIRECT_OBJC_ISA_USAGE = YES_ERROR;
				CLANG_WARN_DOCUMENTATION_COMMENTS = YES;
				CLANG_WARN_EMPTY_BODY = YES;
				CLANG_WARN_ENUM_CONVERSION = YES;
				CLANG_WARN_INFINITE_RECURSION = YES;
				CLANG_WARN_INT_CONVERSION = YES;
				CLANG_WARN_NON_LITERAL_NULL_CONVERSION = YES;
				CLANG_WARN_OBJC_IMPLICIT_RETAIN_SELF = YES;
				CLANG_WARN_OBJC_LITERAL_CONVERSION = YES;
				CLANG_WARN_OBJC_ROOT_CLASS = YES_ERROR;
				CLANG_WARN_RANGE_LOOP_ANALYSIS = YES;
				CLANG_WARN_STRICT_PROTOTYPES = YES;
				CLANG_WARN_SUSPICIOUS_MOVE = YES;
				CLANG_WARN_UNGUARDED_AVAILABILITY = YES_AGGRESSIVE;
				CLANG_WARN_UNREACHABLE_CODE = YES;
				CLANG_WARN__DUPLICATE_METHOD_MATCH = YES;
				COPY_PHASE_STRIP = NO;
				DEBUG_INFORMATION_FORMAT = "dwarf-with-dsym";
				ENABLE_NS_ASSERTIONS = NO;
				ENABLE_STRICT_OBJC_MSGSEND = YES;
				GCC_C_LANGUAGE_STANDARD = gnu11;
				GCC_NO_COMMON_BLOCKS = YES;
				GCC_PREPROCESSOR_DEFINITIONS = (
					"POD_CONFIGURATION_RELEASE=1",
					"$(inherited)",
				);
				GCC_WARN_64_TO_32_BIT_CONVERSION = YES;
				GCC_WARN_ABOUT_RETURN_TYPE = YES_ERROR;
				GCC_WARN_UNDECLARED_SELECTOR = YES;
				GCC_WARN_UNINITIALIZED_AUTOS = YES_AGGRESSIVE;
				GCC_WARN_UNUSED_FUNCTION = YES;
				GCC_WARN_UNUSED_VARIABLE = YES;
				IPHONEOS_DEPLOYMENT_TARGET = 12.4;
				MTL_ENABLE_DEBUG_INFO = NO;
				MTL_FAST_MATH = YES;
				PRODUCT_NAME = "$(TARGET_NAME)";
				STRIP_INSTALLED_PRODUCT = NO;
				SWIFT_COMPILATION_MODE = wholemodule;
				SWIFT_OPTIMIZATION_LEVEL = "-O";
				SWIFT_VERSION = 5.0;
				SYMROOT = "${SRCROOT}/../build";
			};
			name = Release;
		};
		B63B8B9A3DC0B86B8560A3526C388A7C /* Debug */ = {
			isa = XCBuildConfiguration;
			baseConfigurationReference = ED8712CBC73A1FE8AA7D0AA97FCB13DD /* Alamofire.xcconfig */;
			buildSettings = {
				CODE_SIGN_IDENTITY = "";
				"CODE_SIGN_IDENTITY[sdk=appletvos*]" = "";
				"CODE_SIGN_IDENTITY[sdk=iphoneos*]" = "";
				"CODE_SIGN_IDENTITY[sdk=watchos*]" = "";
				CURRENT_PROJECT_VERSION = 1;
				DEFINES_MODULE = YES;
				DYLIB_COMPATIBILITY_VERSION = 1;
				DYLIB_CURRENT_VERSION = 1;
				DYLIB_INSTALL_NAME_BASE = "@rpath";
				GCC_PREFIX_HEADER = "Target Support Files/Alamofire/Alamofire-prefix.pch";
				INFOPLIST_FILE = "Target Support Files/Alamofire/Alamofire-Info.plist";
				INSTALL_PATH = "$(LOCAL_LIBRARY_DIR)/Frameworks";
				IPHONEOS_DEPLOYMENT_TARGET = 8.0;
				LD_RUNPATH_SEARCH_PATHS = (
					"$(inherited)",
					"@executable_path/Frameworks",
					"@loader_path/Frameworks",
				);
				MODULEMAP_FILE = "Target Support Files/Alamofire/Alamofire.modulemap";
				PRODUCT_MODULE_NAME = Alamofire;
				PRODUCT_NAME = Alamofire;
				SDKROOT = iphoneos;
				SKIP_INSTALL = YES;
				SWIFT_ACTIVE_COMPILATION_CONDITIONS = "$(inherited) ";
				SWIFT_VERSION = 5.0;
				TARGETED_DEVICE_FAMILY = "1,2";
				VERSIONING_SYSTEM = "apple-generic";
				VERSION_INFO_PREFIX = "";
			};
			name = Debug;
		};
		B9ED34AC277615390B88381586B5563F /* Release */ = {
			isa = XCBuildConfiguration;
			baseConfigurationReference = 54F796C5750E79B9971316D9B7D30711 /* Pods-Scanner.release.xcconfig */;
			buildSettings = {
				ALWAYS_EMBED_SWIFT_STANDARD_LIBRARIES = NO;
				CLANG_ENABLE_OBJC_WEAK = NO;
				CODE_SIGN_IDENTITY = "";
				"CODE_SIGN_IDENTITY[sdk=appletvos*]" = "";
				"CODE_SIGN_IDENTITY[sdk=iphoneos*]" = "";
				"CODE_SIGN_IDENTITY[sdk=watchos*]" = "";
				CURRENT_PROJECT_VERSION = 1;
				DEFINES_MODULE = YES;
				DYLIB_COMPATIBILITY_VERSION = 1;
				DYLIB_CURRENT_VERSION = 1;
				DYLIB_INSTALL_NAME_BASE = "@rpath";
				INFOPLIST_FILE = "Target Support Files/Pods-Scanner/Pods-Scanner-Info.plist";
				INSTALL_PATH = "$(LOCAL_LIBRARY_DIR)/Frameworks";
				IPHONEOS_DEPLOYMENT_TARGET = 12.4;
				LD_RUNPATH_SEARCH_PATHS = (
					"$(inherited)",
					"@executable_path/Frameworks",
					"@loader_path/Frameworks",
				);
				MACH_O_TYPE = staticlib;
				MODULEMAP_FILE = "Target Support Files/Pods-Scanner/Pods-Scanner.modulemap";
				OTHER_LDFLAGS = "";
				OTHER_LIBTOOLFLAGS = "";
				PODS_ROOT = "$(SRCROOT)";
				PRODUCT_BUNDLE_IDENTIFIER = "org.cocoapods.${PRODUCT_NAME:rfc1034identifier}";
				PRODUCT_NAME = "$(TARGET_NAME:c99extidentifier)";
				SDKROOT = iphoneos;
				SKIP_INSTALL = YES;
				TARGETED_DEVICE_FAMILY = "1,2";
				VALIDATE_PRODUCT = YES;
				VERSIONING_SYSTEM = "apple-generic";
				VERSION_INFO_PREFIX = "";
			};
			name = Release;
		};
		CEF2F6B455C11954DA714FB21AF5E66F /* Debug */ = {
			isa = XCBuildConfiguration;
			baseConfigurationReference = BEFA30B3773481753F6620496A4084B6 /* Pods-Scanner.debug.xcconfig */;
			buildSettings = {
				ALWAYS_EMBED_SWIFT_STANDARD_LIBRARIES = NO;
				CLANG_ENABLE_OBJC_WEAK = NO;
				CODE_SIGN_IDENTITY = "";
				"CODE_SIGN_IDENTITY[sdk=appletvos*]" = "";
				"CODE_SIGN_IDENTITY[sdk=iphoneos*]" = "";
				"CODE_SIGN_IDENTITY[sdk=watchos*]" = "";
				CURRENT_PROJECT_VERSION = 1;
				DEFINES_MODULE = YES;
				DYLIB_COMPATIBILITY_VERSION = 1;
				DYLIB_CURRENT_VERSION = 1;
				DYLIB_INSTALL_NAME_BASE = "@rpath";
				INFOPLIST_FILE = "Target Support Files/Pods-Scanner/Pods-Scanner-Info.plist";
				INSTALL_PATH = "$(LOCAL_LIBRARY_DIR)/Frameworks";
				IPHONEOS_DEPLOYMENT_TARGET = 12.4;
				LD_RUNPATH_SEARCH_PATHS = (
					"$(inherited)",
					"@executable_path/Frameworks",
					"@loader_path/Frameworks",
				);
				MACH_O_TYPE = staticlib;
				MODULEMAP_FILE = "Target Support Files/Pods-Scanner/Pods-Scanner.modulemap";
				OTHER_LDFLAGS = "";
				OTHER_LIBTOOLFLAGS = "";
				PODS_ROOT = "$(SRCROOT)";
				PRODUCT_BUNDLE_IDENTIFIER = "org.cocoapods.${PRODUCT_NAME:rfc1034identifier}";
				PRODUCT_NAME = "$(TARGET_NAME:c99extidentifier)";
				SDKROOT = iphoneos;
				SKIP_INSTALL = YES;
				TARGETED_DEVICE_FAMILY = "1,2";
				VERSIONING_SYSTEM = "apple-generic";
				VERSION_INFO_PREFIX = "";
			};
			name = Debug;
		};
		E8F35927ECB754A46E0AC8C2BACAF32D /* Debug */ = {
			isa = XCBuildConfiguration;
			baseConfigurationReference = 22A7676F882187127D049C63DFC4D185 /* SwiftyJSON.xcconfig */;
			buildSettings = {
				CODE_SIGN_IDENTITY = "";
				"CODE_SIGN_IDENTITY[sdk=appletvos*]" = "";
				"CODE_SIGN_IDENTITY[sdk=iphoneos*]" = "";
				"CODE_SIGN_IDENTITY[sdk=watchos*]" = "";
				CURRENT_PROJECT_VERSION = 1;
				DEFINES_MODULE = YES;
				DYLIB_COMPATIBILITY_VERSION = 1;
				DYLIB_CURRENT_VERSION = 1;
				DYLIB_INSTALL_NAME_BASE = "@rpath";
				GCC_PREFIX_HEADER = "Target Support Files/SwiftyJSON/SwiftyJSON-prefix.pch";
				INFOPLIST_FILE = "Target Support Files/SwiftyJSON/SwiftyJSON-Info.plist";
				INSTALL_PATH = "$(LOCAL_LIBRARY_DIR)/Frameworks";
				IPHONEOS_DEPLOYMENT_TARGET = 8.0;
				LD_RUNPATH_SEARCH_PATHS = (
					"$(inherited)",
					"@executable_path/Frameworks",
					"@loader_path/Frameworks",
				);
				MODULEMAP_FILE = "Target Support Files/SwiftyJSON/SwiftyJSON.modulemap";
				PRODUCT_MODULE_NAME = SwiftyJSON;
				PRODUCT_NAME = SwiftyJSON;
				SDKROOT = iphoneos;
				SKIP_INSTALL = YES;
				SWIFT_ACTIVE_COMPILATION_CONDITIONS = "$(inherited) ";
				SWIFT_VERSION = 5.0;
				TARGETED_DEVICE_FAMILY = "1,2";
				VERSIONING_SYSTEM = "apple-generic";
				VERSION_INFO_PREFIX = "";
			};
			name = Debug;
		};
/* End XCBuildConfiguration section */

/* Begin XCConfigurationList section */
		4821239608C13582E20E6DA73FD5F1F9 /* Build configuration list for PBXProject "Pods" */ = {
			isa = XCConfigurationList;
			buildConfigurations = (
				6410F571BA8C1AEC6A19403F1B61B0B5 /* Debug */,
				A27713CB74E99AF202AADC23200A32F4 /* Release */,
			);
			defaultConfigurationIsVisible = 0;
			defaultConfigurationName = Release;
		};
		62468BF9C7EDA172E951A24083C3ECA7 /* Build configuration list for PBXNativeTarget "SwiftyJSON" */ = {
			isa = XCConfigurationList;
			buildConfigurations = (
				E8F35927ECB754A46E0AC8C2BACAF32D /* Debug */,
				6E2226BAF771B9AEEA8FE646C18E7879 /* Release */,
			);
			defaultConfigurationIsVisible = 0;
			defaultConfigurationName = Release;
		};
		6AB95C274CAD041F89CB909FB5114C73 /* Build configuration list for PBXNativeTarget "BarcodeEasyScan" */ = {
			isa = XCConfigurationList;
			buildConfigurations = (
				0C9225B883653077930C00A60F10B5DA /* Debug */,
				403102BF2D20FE96B48CF97BFCAF67E6 /* Release */,
			);
			defaultConfigurationIsVisible = 0;
			defaultConfigurationName = Release;
		};
		85C89D6454AF12D9881E0AE967E297AA /* Build configuration list for PBXNativeTarget "Pods-Scanner" */ = {
			isa = XCConfigurationList;
			buildConfigurations = (
				CEF2F6B455C11954DA714FB21AF5E66F /* Debug */,
				B9ED34AC277615390B88381586B5563F /* Release */,
			);
			defaultConfigurationIsVisible = 0;
			defaultConfigurationName = Release;
		};
		E4A5194ABAF7A4780609E0E581DA6B54 /* Build configuration list for PBXNativeTarget "Alamofire" */ = {
			isa = XCConfigurationList;
			buildConfigurations = (
				B63B8B9A3DC0B86B8560A3526C388A7C /* Debug */,
				26E9A7B7CC36D753291E2D3570A8DB18 /* Release */,
			);
			defaultConfigurationIsVisible = 0;
			defaultConfigurationName = Release;
		};
/* End XCConfigurationList section */
	};
	rootObject = BFDFE7DC352907FC980B868725387E98 /* Project object */;
}
